
Microsoft Visual Studio Solution File, Format Version 12.00
# Visual Studio Version 17
VisualStudioVersion = 17.8.34330.188
MinimumVisualStudioVersion = 10.0.40219.1
Project("{FAE04EC0-301F-11D3-BF4B-00C04F79EFBC}") = "ChatApplication", "ChatApplication\ChatApplication.csproj", "{EAF73472-FA98-421C-8418-0B4D0936B38E}"
EndProject
Global
	GlobalSection(SolutionConfigurationPlatforms) = preSolution
		Debug|Any CPU = Debug|Any CPU
		Release|Any CPU = Release|Any CPU
	EndGlobalSection
	GlobalSection(ProjectConfigurationPlatforms) = postSolution
		{EAF73472-FA98-421C-8418-0B4D0936B38E}.Debug|Any CPU.ActiveCfg = Debug|Any CPU
		{EAF73472-FA98-421C-8418-0B4D0936B38E}.Debug|Any CPU.Build.0 = Debug|Any CPU
		{EAF73472-FA98-421C-8418-0B4D0936B38E}.Release|Any CPU.ActiveCfg = Release|Any CPU
		{EAF73472-FA98-421C-8418-0B4D0936B38E}.Release|Any CPU.Build.0 = Release|Any CPU
	EndGlobalSection
	GlobalSection(SolutionProperties) = preSolution
		HideSolutionNode = FALSE
	EndGlobalSection
	GlobalSection(ExtensibilityGlobals) = postSolution
		SolutionGuid = {700C5172-1BF9-46C4-B8A1-192DAEF11B38}
	EndGlobalSection
EndGlobal
